
Microsoft Visual Studio Solution File, Format Version 12.00
# Visual Studio Version 17
VisualStudioVersion = 17.3.32819.101
MinimumVisualStudioVersion = 10.0.40219.1
Project("{FAE04EC0-301F-11D3-BF4B-00C04F79EFBC}") = "Vehicle", "VeliErdemCoskun-Hafta3\Vehicle.csproj", "{C56ECCBD-4B3B-49F6-9934-D1B792A9E7E8}"
EndProject
Project("{FAE04EC0-301F-11D3-BF4B-00C04F79EFBC}") = "Container", "Container\Container.csproj", "{4DBDBBDF-CA1B-47D0-AE9B-F49A1B0C0C17}"
EndProject
Global
	GlobalSection(SolutionConfigurationPlatforms) = preSolution
		Debug|Any CPU = Debug|Any CPU
		Release|Any CPU = Release|Any CPU
	EndGlobalSection
	GlobalSection(ProjectConfigurationPlatforms) = postSolution
		{C56ECCBD-4B3B-49F6-9934-D1B792A9E7E8}.Debug|Any CPU.ActiveCfg = Debug|Any CPU
		{C56ECCBD-4B3B-49F6-9934-D1B792A9E7E8}.Debug|Any CPU.Build.0 = Debug|Any CPU
		{C56ECCBD-4B3B-49F6-9934-D1B792A9E7E8}.Release|Any CPU.ActiveCfg = Release|Any CPU
		{C56ECCBD-4B3B-49F6-9934-D1B792A9E7E8}.Release|Any CPU.Build.0 = Release|Any CPU
		{4DBDBBDF-CA1B-47D0-AE9B-F49A1B0C0C17}.Debug|Any CPU.ActiveCfg = Debug|Any CPU
		{4DBDBBDF-CA1B-47D0-AE9B-F49A1B0C0C17}.Debug|Any CPU.Build.0 = Debug|Any CPU
		{4DBDBBDF-CA1B-47D0-AE9B-F49A1B0C0C17}.Release|Any CPU.ActiveCfg = Release|Any CPU
		{4DBDBBDF-CA1B-47D0-AE9B-F49A1B0C0C17}.Release|Any CPU.Build.0 = Release|Any CPU
	EndGlobalSection
	GlobalSection(SolutionProperties) = preSolution
		HideSolutionNode = FALSE
	EndGlobalSection
	GlobalSection(ExtensibilityGlobals) = postSolution
		SolutionGuid = {E5DE93DD-BA3F-4E71-B659-D5731E97973B}
	EndGlobalSection
EndGlobal
