
Microsoft Visual Studio Solution File, Format Version 12.00
# Visual Studio Version 17
VisualStudioVersion = 17.3.32819.101
MinimumVisualStudioVersion = 10.0.40219.1
Project("{9A19103F-16F7-4668-BE54-9A1E7A4F7556}") = "VeliErdemCoskun-Hafta3", "VeliErdemCoskun-Hafta4\VeliErdemCoskun-Hafta3.csproj", "{18F14327-216A-427B-9D93-DF6B2517D39A}"
EndProject
Global
	GlobalSection(SolutionConfigurationPlatforms) = preSolution
		Debug|Any CPU = Debug|Any CPU
		Release|Any CPU = Release|Any CPU
	EndGlobalSection
	GlobalSection(ProjectConfigurationPlatforms) = postSolution
		{18F14327-216A-427B-9D93-DF6B2517D39A}.Debug|Any CPU.ActiveCfg = Debug|Any CPU
		{18F14327-216A-427B-9D93-DF6B2517D39A}.Debug|Any CPU.Build.0 = Debug|Any CPU
		{18F14327-216A-427B-9D93-DF6B2517D39A}.Release|Any CPU.ActiveCfg = Release|Any CPU
		{18F14327-216A-427B-9D93-DF6B2517D39A}.Release|Any CPU.Build.0 = Release|Any CPU
	EndGlobalSection
	GlobalSection(SolutionProperties) = preSolution
		HideSolutionNode = FALSE
	EndGlobalSection
	GlobalSection(ExtensibilityGlobals) = postSolution
		SolutionGuid = {342D43D7-DB5A-45DA-942F-D1223542487A}
	EndGlobalSection
EndGlobal
